
Microsoft Visual Studio Solution File, Format Version 12.00
# Visual Studio Version 16
VisualStudioVersion = 16.0.31729.503
MinimumVisualStudioVersion = 10.0.40219.1
Project("{2150E333-8FDC-42A3-9474-1A3956D46DE8}") = "Services", "Services", "{084EF834-6EEA-47F1-B5FA-7D80B37A9B98}"
EndProject
Project("{2150E333-8FDC-42A3-9474-1A3956D46DE8}") = "Catalog", "Catalog", "{DBAACE59-806B-47B1-85D1-A1E128997BC0}"
EndProject
Project("{9A19103F-16F7-4668-BE54-9A1E7A4F7556}") = "Catalog.API", "Services\Catalog\Catalog.API\Catalog.API.csproj", "{D041A26F-158E-4059-8905-7B4BDDF9EED7}"
EndProject
Project("{E53339B2-1760-4266-BCC7-CA923CBCF16C}") = "docker-compose", "docker-compose.dcproj", "{1B6CE330-6807-4354-922F-B5D5E833ACDA}"
EndProject
Project("{2150E333-8FDC-42A3-9474-1A3956D46DE8}") = "Basket", "Basket", "{400CAC43-C717-4608-9F2D-443DF9CC877B}"
EndProject
Project("{9A19103F-16F7-4668-BE54-9A1E7A4F7556}") = "Basket.API", "Services\Basket\Basket.API\Basket.API.csproj", "{6F612184-92D6-4CCA-BBD4-50189719C527}"
EndProject
Project("{2150E333-8FDC-42A3-9474-1A3956D46DE8}") = "Discount", "Discount", "{AECAB2A0-90A9-4D5A-9980-F72F0AFC07FD}"
EndProject
Project("{9A19103F-16F7-4668-BE54-9A1E7A4F7556}") = "Discount.API", "Services\Discount\Discount.API\Discount.API.csproj", "{5067258E-7A1B-4971-AA09-F2CA492D2753}"
EndProject
Project("{FAE04EC0-301F-11D3-BF4B-00C04F79EFBC}") = "Discount.Grpc", "Services\Discount\Discount.Grpc\Discount.Grpc.csproj", "{A416E479-7E12-4E08-B2B2-DC898826A322}"
EndProject
Global
	GlobalSection(SolutionConfigurationPlatforms) = preSolution
		Debug|Any CPU = Debug|Any CPU
		Release|Any CPU = Release|Any CPU
	EndGlobalSection
	GlobalSection(ProjectConfigurationPlatforms) = postSolution
		{D041A26F-158E-4059-8905-7B4BDDF9EED7}.Debug|Any CPU.ActiveCfg = Debug|Any CPU
		{D041A26F-158E-4059-8905-7B4BDDF9EED7}.Debug|Any CPU.Build.0 = Debug|Any CPU
		{D041A26F-158E-4059-8905-7B4BDDF9EED7}.Release|Any CPU.ActiveCfg = Release|Any CPU
		{D041A26F-158E-4059-8905-7B4BDDF9EED7}.Release|Any CPU.Build.0 = Release|Any CPU
		{1B6CE330-6807-4354-922F-B5D5E833ACDA}.Debug|Any CPU.ActiveCfg = Debug|Any CPU
		{1B6CE330-6807-4354-922F-B5D5E833ACDA}.Debug|Any CPU.Build.0 = Debug|Any CPU
		{1B6CE330-6807-4354-922F-B5D5E833ACDA}.Release|Any CPU.ActiveCfg = Release|Any CPU
		{1B6CE330-6807-4354-922F-B5D5E833ACDA}.Release|Any CPU.Build.0 = Release|Any CPU
		{6F612184-92D6-4CCA-BBD4-50189719C527}.Debug|Any CPU.ActiveCfg = Debug|Any CPU
		{6F612184-92D6-4CCA-BBD4-50189719C527}.Debug|Any CPU.Build.0 = Debug|Any CPU
		{6F612184-92D6-4CCA-BBD4-50189719C527}.Release|Any CPU.ActiveCfg = Release|Any CPU
		{6F612184-92D6-4CCA-BBD4-50189719C527}.Release|Any CPU.Build.0 = Release|Any CPU
		{5067258E-7A1B-4971-AA09-F2CA492D2753}.Debug|Any CPU.ActiveCfg = Debug|Any CPU
		{5067258E-7A1B-4971-AA09-F2CA492D2753}.Debug|Any CPU.Build.0 = Debug|Any CPU
		{5067258E-7A1B-4971-AA09-F2CA492D2753}.Release|Any CPU.ActiveCfg = Release|Any CPU
		{5067258E-7A1B-4971-AA09-F2CA492D2753}.Release|Any CPU.Build.0 = Release|Any CPU
		{A416E479-7E12-4E08-B2B2-DC898826A322}.Debug|Any CPU.ActiveCfg = Debug|Any CPU
		{A416E479-7E12-4E08-B2B2-DC898826A322}.Debug|Any CPU.Build.0 = Debug|Any CPU
		{A416E479-7E12-4E08-B2B2-DC898826A322}.Release|Any CPU.ActiveCfg = Release|Any CPU
		{A416E479-7E12-4E08-B2B2-DC898826A322}.Release|Any CPU.Build.0 = Release|Any CPU
	EndGlobalSection
	GlobalSection(SolutionProperties) = preSolution
		HideSolutionNode = FALSE
	EndGlobalSection
	GlobalSection(NestedProjects) = preSolution
		{DBAACE59-806B-47B1-85D1-A1E128997BC0} = {084EF834-6EEA-47F1-B5FA-7D80B37A9B98}
		{D041A26F-158E-4059-8905-7B4BDDF9EED7} = {DBAACE59-806B-47B1-85D1-A1E128997BC0}
		{400CAC43-C717-4608-9F2D-443DF9CC877B} = {084EF834-6EEA-47F1-B5FA-7D80B37A9B98}
		{6F612184-92D6-4CCA-BBD4-50189719C527} = {400CAC43-C717-4608-9F2D-443DF9CC877B}
		{AECAB2A0-90A9-4D5A-9980-F72F0AFC07FD} = {084EF834-6EEA-47F1-B5FA-7D80B37A9B98}
		{5067258E-7A1B-4971-AA09-F2CA492D2753} = {AECAB2A0-90A9-4D5A-9980-F72F0AFC07FD}
		{A416E479-7E12-4E08-B2B2-DC898826A322} = {AECAB2A0-90A9-4D5A-9980-F72F0AFC07FD}
	EndGlobalSection
	GlobalSection(ExtensibilityGlobals) = postSolution
		SolutionGuid = {D4E36031-1A3A-42F9-876B-404DCBE603C3}
	EndGlobalSection
EndGlobal
